// !$*UTF8*$!
{
	archiveVersion = 1;
	classes = {
	};
	objectVersion = 46;
	objects = {

/* Begin PBXBuildFile section */
		4119DD891C8C3DC50000FCB7 /* main.m in Sources */ = {isa = PBXBuildFile; fileRef = 4119DD881C8C3DC50000FCB7 /* main.m */; };
		4119DD911C8C3E760000FCB7 /* Model.m in Sources */ = {isa = PBXBuildFile; fileRef = 4119DD901C8C3E760000FCB7 /* Model.m */; };
/* End PBXBuildFile section */

/* Begin PBXCopyFilesBuildPhase section */
		4119DD831C8C3DC50000FCB7 /* CopyFiles */ = {
			isa = PBXCopyFilesBuildPhase;
			buildActionMask = 2147483647;
			dstPath = /usr/share/man/man1/;
			dstSubfolderSpec = 0;
			files = (
			);
			runOnlyForDeploymentPostprocessing = 1;
		};
/* End PBXCopyFilesBuildPhase section */

/* Begin PBXFileReference section */
		4119DD851C8C3DC50000FCB7 /* NSCoder */ = {isa = PBXFileReference; explicitFileType = "compiled.mach-o.executable"; includeInIndex = 0; path = NSCoder; sourceTree = BUILT_PRODUCTS_DIR; };
		4119DD881C8C3DC50000FCB7 /* main.m */ = {isa = PBXFileReference; lastKnownFileType = sourcecode.c.objc; path = main.m; sourceTree = "<group>"; };
		4119DD8F1C8C3E760000FCB7 /* Model.h */ = {isa = PBXFileReference; fileEncoding = 4; lastKnownFileType = sourcecode.c.h; path = Model.h; sourceTree = "<group>"; };
		4119DD901C8C3E760000FCB7 /* Model.m */ = {isa = PBXFileReference; fileEncoding = 4; lastKnownFileType = sourcecode.c.objc; path = Model.m; sourceTree = "<group>"; };
/* End PBXFileReference section */

/* Begin PBXFrameworksBuildPhase section */
		4119DD821C8C3DC50000FCB7 /* Frameworks */ = {
			isa = PBXFrameworksBuildPhase;
			buildActionMask = 2147483647;
			files = (
			);
			runOnlyForDeploymentPostprocessing = 0;
		};
/* End PBXFrameworksBuildPhase section */

/* Begin PBXGroup section */
		4119DD7C1C8C3DC50000FCB7 = {
			isa = PBXGroup;
			children = (
				4119DD871C8C3DC50000FCB7 /* NSCoder */,
				4119DD861C8C3DC50000FCB7 /* Products */,
			);
			sourceTree = "<group>";
		};
		4119DD861C8C3DC50000FCB7 /* Products */ = {
			isa = PBXGroup;
			children = (
				4119DD851C8C3DC50000FCB7 /* NSCoder */,
			);
			name = Products;
			sourceTree = "<group>";
		};
		4119DD871C8C3DC50000FCB7 /* NSCoder */ = {
			isa = PBXGroup;
			children = (
				4119DD881C8C3DC50000FCB7 /* main.m */,
				4119DD8F1C8C3E760000FCB7 /* Model.h */,
				4119DD901C8C3E760000FCB7 /* Model.m */,
			);
			path = NSCoder;
			sourceTree = "<group>";
		};
/* End PBXGroup section */

/* Begin PBXNativeTarget section */
		4119DD841C8C3DC50000FCB7 /* NSCoder */ = {
			isa = PBXNativeTarget;
			buildConfigurationList = 4119DD8C1C8C3DC50000FCB7 /* Build configuration list for PBXNativeTarget "NSCoder" */;
			buildPhases = (
				4119DD811C8C3DC50000FCB7 /* Sources */,
				4119DD821C8C3DC50000FCB7 /* Frameworks */,
				4119DD831C8C3DC50000FCB7 /* CopyFiles */,
			);
			buildRules = (
			);
			dependencies = (
			);
			name = NSCoder;
			productName = NSCoder;
			productReference = 4119DD851C8C3DC50000FCB7 /* NSCoder */;
			productType = "com.apple.product-type.tool";
		};
/* End PBXNativeTarget section */

/* Begin PBXProject section */
		4119DD7D1C8C3DC50000FCB7 /* Project object */ = {
			isa = PBXProject;
			attributes = {
				LastUpgradeCheck = 0720;
				ORGANIZATIONNAME = Asahi_Kuang;
				TargetAttributes = {
					4119DD841C8C3DC50000FCB7 = {
						CreatedOnToolsVersion = 7.2;
					};
				};
			};
			buildConfigurationList = 4119DD801C8C3DC50000FCB7 /* Build configuration list for PBXProject "NSCoder" */;
			compatibilityVersion = "Xcode 3.2";
			developmentRegion = English;
			hasScannedForEncodings = 0;
			knownRegions = (
				en,
			);
			mainGroup = 4119DD7C1C8C3DC50000FCB7;
			productRefGroup = 4119DD861C8C3DC50000FCB7 /* Products */;
			projectDirPath = "";
			projectRoot = "";
			targets = (
				4119DD841C8C3DC50000FCB7 /* NSCoder */,
			);
		};
/* End PBXProject section */

/* Begin PBXSourcesBuildPhase section */
		4119DD811C8C3DC50000FCB7 /* Sources */ = {
			isa = PBXSourcesBuildPhase;
			buildActionMask = 2147483647;
			files = (
				4119DD891C8C3DC50000FCB7 /* main.m in Sources */,
				4119DD911C8C3E760000FCB7 /* Model.m in Sources */,
			);
			runOnlyForDeploymentPostprocessing = 0;
		};
/* End PBXSourcesBuildPhase section */

/* Begin XCBuildConfiguration section */
		4119DD8A1C8C3DC50000FCB7 /* Debug */ = {
			isa = XCBuildConfiguration;
			buildSettings = {
				ALWAYS_SEARCH_USER_PATHS = NO;
				CLANG_CXX_LANGUAGE_STANDARD = "gnu++0x";
				CLANG_CXX_LIBRARY = "libc++";
				CLANG_ENABLE_MODULES = YES;
				CLANG_ENABLE_OBJC_ARC = YES;
				CLANG_WARN_BOOL_CONVERSION = YES;
				CLANG_WARN_CONSTANT_CONVERSION = YES;
				CLANG_WARN_DIRECT_OBJC_ISA_USAGE = YES_ERROR;
				CLANG_WARN_EMPTY_BODY = YES;
				CLANG_WARN_ENUM_CONVERSION = YES;
				CLANG_WARN_INT_CONVERSION = YES;
				CLANG_WARN_OBJC_ROOT_CLASS = YES_ERROR;
				CLANG_WARN_UNREACHABLE_CODE = YES;
				CLANG_WARN__DUPLICATE_METHOD_MATCH = YES;
				CODE_SIGN_IDENTITY = "-";
				COPY_PHASE_STRIP = NO;
				DEBUG_INFORMATION_FORMAT = dwarf;
				ENABLE_STRICT_OBJC_MSGSEND = YES;
				ENABLE_TESTABILITY = YES;
				GCC_C_LANGUAGE_STANDARD = gnu99;
				GCC_DYNAMIC_NO_PIC = NO;
				GCC_NO_COMMON_BLOCKS = YES;
				GCC_OPTIMIZATION_LEVEL = 0;
				GCC_PREPROCESSOR_DEFINITIONS = (
					"DEBUG=1",
					"$(inherited)",
				);
				GCC_WARN_64_TO_32_BIT_CONVERSION = YES;
				GCC_WARN_ABOUT_RETURN_TYPE = YES_ERROR;
				GCC_WARN_UNDECLARED_SELECTOR = YES;
				GCC_WARN_UNINITIALIZED_AUTOS = YES_AGGRESSIVE;
				GCC_WARN_UNUSED_FUNCTION = YES;
				GCC_WARN_UNUSED_VARIABLE = YES;
				MACOSX_DEPLOYMENT_TARGET = 10.11;
				MTL_ENABLE_DEBUG_INFO = YES;
				ONLY_ACTIVE_ARCH = YES;
				SDKROOT = macosx;
			};
			name = Debug;
		};
		4119DD8B1C8C3DC50000FCB7 /* Release */ = {
			isa = XCBuildConfiguration;
			buildSettings = {
				ALWAYS_SEARCH_USER_PATHS = NO;
				CLANG_CXX_LANGUAGE_STANDARD = "gnu++0x";
				CLANG_CXX_LIBRARY = "libc++";
				CLANG_ENABLE_MODULES = YES;
				CLANG_ENABLE_OBJC_ARC = YES;
				CLANG_WARN_BOOL_CONVERSION = YES;
				CLANG_WARN_CONSTANT_CONVERSION = YES;
				CLANG_WARN_DIRECT_OBJC_ISA_USAGE = YES_ERROR;
				CLANG_WARN_EMPTY_BODY = YES;
				CLANG_WARN_ENUM_CONVERSION = YES;
				CLANG_WARN_INT_CONVERSION = YES;
				CLANG_WARN_OBJC_ROOT_CLASS = YES_ERROR;
				CLANG_WARN_UNREACHABLE_CODE = YES;
				CLANG_WARN__DUPLICATE_METHOD_MATCH = YES;
				CODE_SIGN_IDENTITY = "-";
				COPY_PHASE_STRIP = NO;
				DEBUG_INFORMATION_FORMAT = "dwarf-with-dsym";
				ENABLE_NS_ASSERTIONS = NO;
				ENABLE_STRICT_OBJC_MSGSEND = YES;
				GCC_C_LANGUAGE_STANDARD = gnu99;
				GCC_NO_COMMON_BLOCKS = YES;
				GCC_WARN_64_TO_32_BIT_CONVERSION = YES;
				GCC_WARN_ABOUT_RETURN_TYPE = YES_ERROR;
				GCC_WARN_UNDECLARED_SELECTOR = YES;
				GCC_WARN_UNINITIALIZED_AUTOS = YES_AGGRESSIVE;
				GCC_WARN_UNUSED_FUNCTION = YES;
				GCC_WARN_UNUSED_VARIABLE = YES;
				MACOSX_DEPLOYMENT_TARGET = 10.11;
				MTL_ENABLE_DEBUG_INFO = NO;
				SDKROOT = macosx;
			};
			name = Release;
		};
		4119DD8D1C8C3DC50000FCB7 /* Debug */ = {
			isa = XCBuildConfiguration;
			buildSettings = {
				PRODUCT_NAME = "$(TARGET_NAME)";
			};
			name = Debug;
		};
		4119DD8E1C8C3DC50000FCB7 /* Release */ = {
			isa = XCBuildConfiguration;
			buildSettings = {
				PRODUCT_NAME = "$(TARGET_NAME)";
			};
			name = Release;
		};
/* End XCBuildConfiguration section */

/* Begin XCConfigurationList section */
		4119DD801C8C3DC50000FCB7 /* Build configuration list for PBXProject "NSCoder" */ = {
			isa = XCConfigurationList;
			buildConfigurations = (
				4119DD8A1C8C3DC50000FCB7 /* Debug */,
				4119DD8B1C8C3DC50000FCB7 /* Release */,
			);
			defaultConfigurationIsVisible = 0;
			defaultConfigurationName = Release;
		};
		4119DD8C1C8C3DC50000FCB7 /* Build configuration list for PBXNativeTarget "NSCoder" */ = {
			isa = XCConfigurationList;
			buildConfigurations = (
				4119DD8D1C8C3DC50000FCB7 /* Debug */,
				4119DD8E1C8C3DC50000FCB7 /* Release */,
			);
			defaultConfigurationIsVisible = 0;
		};
/* End XCConfigurationList section */
	};
	rootObject = 4119DD7D1C8C3DC50000FCB7 /* Project object */;
}
